Microsoft Visual Studio Solution File, Format Version 12.00
# Visual Studio Version 17
VisualStudioVersion = 17.5.2.0
MinimumVisualStudioVersion = 10.0.40219.1
Project("{FAE04EC0-301F-11D3-BF4B-00C04F79EFBC}") = "ClipViewer.API", "ClipViewer.API\ClipViewer.API.csproj", "{D6279AF8-7466-3AA9-BABB-3E1CA61E68BE}"
EndProject
Project("{FAE04EC0-301F-11D3-BF4B-00C04F79EFBC}") = "ClipViewer.UnitTests", "ClipViewer.UnitTests\ClipViewer.UnitTests.csproj", "{C32D8AD6-35D1-4042-9114-CF337C5C7CED}"
EndProject
Global
	GlobalSection(SolutionConfigurationPlatforms) = preSolution
		Debug|Any CPU = Debug|Any CPU
		Release|Any CPU = Release|Any CPU
	EndGlobalSection
	GlobalSection(ProjectConfigurationPlatforms) = postSolution
		{D6279AF8-7466-3AA9-BABB-3E1CA61E68BE}.Debug|Any CPU.ActiveCfg = Debug|Any CPU
		{D6279AF8-7466-3AA9-BABB-3E1CA61E68BE}.Debug|Any CPU.Build.0 = Debug|Any CPU
		{D6279AF8-7466-3AA9-BABB-3E1CA61E68BE}.Release|Any CPU.ActiveCfg = Release|Any CPU
		{D6279AF8-7466-3AA9-BABB-3E1CA61E68BE}.Release|Any CPU.Build.0 = Release|Any CPU
		{C32D8AD6-35D1-4042-9114-CF337C5C7CED}.Debug|Any CPU.ActiveCfg = Debug|Any CPU
		{C32D8AD6-35D1-4042-9114-CF337C5C7CED}.Debug|Any CPU.Build.0 = Debug|Any CPU
		{C32D8AD6-35D1-4042-9114-CF337C5C7CED}.Release|Any CPU.ActiveCfg = Release|Any CPU
		{C32D8AD6-35D1-4042-9114-CF337C5C7CED}.Release|Any CPU.Build.0 = Release|Any CPU
	EndGlobalSection
	GlobalSection(SolutionProperties) = preSolution
		HideSolutionNode = FALSE
	EndGlobalSection
	GlobalSection(ExtensibilityGlobals) = postSolution
		SolutionGuid = {5A078C67-B2C0-44B5-808A-91649A1FA3F0}
	EndGlobalSection
EndGlobal
